// !$*UTF8*$!
{
	archiveVersion = 1;
	classes = {
	};
	objectVersion = 55;
	objects = {

/* Begin PBXBuildFile section */
		250B0D972853013A00DAF532 /* TrackBirdApp.swift in Sources */ = {isa = PBXBuildFile; fileRef = 250B0D962853013A00DAF532 /* TrackBirdApp.swift */; };
		250B0D992853013A00DAF532 /* ContentView.swift in Sources */ = {isa = PBXBuildFile; fileRef = 250B0D982853013A00DAF532 /* ContentView.swift */; };
		250B0D9B2853013B00DAF532 /* Assets.xcassets in Resources */ = {isa = PBXBuildFile; fileRef = 250B0D9A2853013B00DAF532 /* Assets.xcassets */; };
		250B0D9E2853013B00DAF532 /* Preview Assets.xcassets in Resources */ = {isa = PBXBuildFile; fileRef = 250B0D9D2853013B00DAF532 /* Preview Assets.xcassets */; };
		25EF4E962854722D00B74BCE /* LoginView.swift in Sources */ = {isa = PBXBuildFile; fileRef = 25EF4E952854722D00B74BCE /* LoginView.swift */; };
		25EF4E9A28547D7E00B74BCE /* FirebaseAuth in Frameworks */ = {isa = PBXBuildFile; productRef = 25EF4E9928547D7E00B74BCE /* FirebaseAuth */; };
		25EF4E9C28547DF600B74BCE /* AppDelegate.swift in Sources */ = {isa = PBXBuildFile; fileRef = 25EF4E9B28547DF600B74BCE /* AppDelegate.swift */; };
		25EF4E9E285482F100B74BCE /* GoogleService-Info.plist in Resources */ = {isa = PBXBuildFile; fileRef = 25EF4E9D285482F100B74BCE /* GoogleService-Info.plist */; };
		25EF4EA22854852D00B74BCE /* GoogleSignIn in Frameworks */ = {isa = PBXBuildFile; productRef = 25EF4EA12854852D00B74BCE /* GoogleSignIn */; };
		25EF4EA42854896D00B74BCE /* LoginViewModel.swift in Sources */ = {isa = PBXBuildFile; fileRef = 25EF4EA32854896D00B74BCE /* LoginViewModel.swift */; };
		25EF4EA728548D5700B74BCE /* GoogleSignInAuthenticator.swift in Sources */ = {isa = PBXBuildFile; fileRef = 25EF4EA628548D5700B74BCE /* GoogleSignInAuthenticator.swift */; };
		25EF4EA92854933A00B74BCE /* View+.swift in Sources */ = {isa = PBXBuildFile; fileRef = 25EF4EA82854933A00B74BCE /* View+.swift */; };
		25EF4EAB28549AE500B74BCE /* AuthState+.swift in Sources */ = {isa = PBXBuildFile; fileRef = 25EF4EAA28549AE500B74BCE /* AuthState+.swift */; };
		25EF4EAF2854A1D600B74BCE /* NoteListView.swift in Sources */ = {isa = PBXBuildFile; fileRef = 25EF4EAE2854A1D600B74BCE /* NoteListView.swift */; };
		25EF4EB12854A1F000B74BCE /* ExpenseListView.swift in Sources */ = {isa = PBXBuildFile; fileRef = 25EF4EB02854A1F000B74BCE /* ExpenseListView.swift */; };
/* End PBXBuildFile section */

/* Begin PBXFileReference section */
		250B0D932853013A00DAF532 /* TrackBird.app */ = {isa = PBXFileReference; explicitFileType = wrapper.application; includeInIndex = 0; path = TrackBird.app; sourceTree = BUILT_PRODUCTS_DIR; };
		250B0D962853013A00DAF532 /* TrackBirdApp.swift */ = {isa = PBXFileReference; lastKnownFileType = sourcecode.swift; path = TrackBirdApp.swift; sourceTree = "<group>"; };
		250B0D982853013A00DAF532 /* ContentView.swift */ = {isa = PBXFileReference; lastKnownFileType = sourcecode.swift; path = ContentView.swift; sourceTree = "<group>"; };
		250B0D9A2853013B00DAF532 /* Assets.xcassets */ = {isa = PBXFileReference; lastKnownFileType = folder.assetcatalog; path = Assets.xcassets; sourceTree = "<group>"; };
		250B0D9D2853013B00DAF532 /* Preview Assets.xcassets */ = {isa = PBXFileReference; lastKnownFileType = folder.assetcatalog; path = "Preview Assets.xcassets"; sourceTree = "<group>"; };
		25EF4E952854722D00B74BCE /* LoginView.swift */ = {isa = PBXFileReference; lastKnownFileType = sourcecode.swift; path = LoginView.swift; sourceTree = "<group>"; };
		25EF4E9B28547DF600B74BCE /* AppDelegate.swift */ = {isa = PBXFileReference; lastKnownFileType = sourcecode.swift; path = AppDelegate.swift; sourceTree = "<group>"; };
		25EF4E9D285482F100B74BCE /* GoogleService-Info.plist */ = {isa = PBXFileReference; fileEncoding = 4; lastKnownFileType = text.plist.xml; path = "GoogleService-Info.plist"; sourceTree = "<group>"; };
		25EF4E9F2854833400B74BCE /* Info.plist */ = {isa = PBXFileReference; lastKnownFileType = text.plist; path = Info.plist; sourceTree = "<group>"; };
		25EF4EA32854896D00B74BCE /* LoginViewModel.swift */ = {isa = PBXFileReference; lastKnownFileType = sourcecode.swift; path = LoginViewModel.swift; sourceTree = "<group>"; };
		25EF4EA628548D5700B74BCE /* GoogleSignInAuthenticator.swift */ = {isa = PBXFileReference; lastKnownFileType = sourcecode.swift; path = GoogleSignInAuthenticator.swift; sourceTree = "<group>"; };
		25EF4EA82854933A00B74BCE /* View+.swift */ = {isa = PBXFileReference; lastKnownFileType = sourcecode.swift; path = "View+.swift"; sourceTree = "<group>"; };
		25EF4EAA28549AE500B74BCE /* AuthState+.swift */ = {isa = PBXFileReference; lastKnownFileType = sourcecode.swift; path = "AuthState+.swift"; sourceTree = "<group>"; };
		25EF4EAE2854A1D600B74BCE /* NoteListView.swift */ = {isa = PBXFileReference; lastKnownFileType = sourcecode.swift; path = NoteListView.swift; sourceTree = "<group>"; };
		25EF4EB02854A1F000B74BCE /* ExpenseListView.swift */ = {isa = PBXFileReference; lastKnownFileType = sourcecode.swift; path = ExpenseListView.swift; sourceTree = "<group>"; };
/* End PBXFileReference section */

/* Begin PBXFrameworksBuildPhase section */
		250B0D902853013A00DAF532 /* Frameworks */ = {
			isa = PBXFrameworksBuildPhase;
			buildActionMask = 2147483647;
			files = (
				25EF4E9A28547D7E00B74BCE /* FirebaseAuth in Frameworks */,
				25EF4EA22854852D00B74BCE /* GoogleSignIn in Frameworks */,
			);
			runOnlyForDeploymentPostprocessing = 0;
		};
/* End PBXFrameworksBuildPhase section */

/* Begin PBXGroup section */
		250B0D8A2853013A00DAF532 = {
			isa = PBXGroup;
			children = (
				25EF4E972854724200B74BCE /* common-ui-res */,
				25EF4EA528548D2E00B74BCE /* core-auth */,
				25EF4E94285471EC00B74BCE /* core-ios */,
				25EF4E93285468CF00B74BCE /* core-network */,
				250B0D942853013A00DAF532 /* Products */,
				250B0D952853013A00DAF532 /* TrackBird */,
				25EF4EAC2854A13500B74BCE /* ui-expenses */,
				25EF4E902854650000B74BCE /* ui-login */,
				25EF4EAD2854A1B500B74BCE /* ui-notes */,
			);
			sourceTree = "<group>";
		};
		250B0D942853013A00DAF532 /* Products */ = {
			isa = PBXGroup;
			children = (
				250B0D932853013A00DAF532 /* TrackBird.app */,
			);
			name = Products;
			sourceTree = "<group>";
		};
		250B0D952853013A00DAF532 /* TrackBird */ = {
			isa = PBXGroup;
			children = (
				25EF4E9F2854833400B74BCE /* Info.plist */,
				25EF4E9D285482F100B74BCE /* GoogleService-Info.plist */,
				250B0D962853013A00DAF532 /* TrackBirdApp.swift */,
				250B0D982853013A00DAF532 /* ContentView.swift */,
				250B0D9A2853013B00DAF532 /* Assets.xcassets */,
				250B0D9C2853013B00DAF532 /* Preview Content */,
				25EF4E9B28547DF600B74BCE /* AppDelegate.swift */,
			);
			path = TrackBird;
			sourceTree = "<group>";
		};
		250B0D9C2853013B00DAF532 /* Preview Content */ = {
			isa = PBXGroup;
			children = (
				250B0D9D2853013B00DAF532 /* Preview Assets.xcassets */,
			);
			path = "Preview Content";
			sourceTree = "<group>";
		};
		25EF4E902854650000B74BCE /* ui-login */ = {
			isa = PBXGroup;
			children = (
				25EF4E952854722D00B74BCE /* LoginView.swift */,
				25EF4EA32854896D00B74BCE /* LoginViewModel.swift */,
			);
			path = "ui-login";
			sourceTree = "<group>";
		};
		25EF4E93285468CF00B74BCE /* core-network */ = {
			isa = PBXGroup;
			children = (
			);
			path = "core-network";
			sourceTree = "<group>";
		};
		25EF4E94285471EC00B74BCE /* core-ios */ = {
			isa = PBXGroup;
			children = (
				25EF4EA82854933A00B74BCE /* View+.swift */,
			);
			path = "core-ios";
			sourceTree = "<group>";
		};
		25EF4E972854724200B74BCE /* common-ui-res */ = {
			isa = PBXGroup;
			children = (
			);
			path = "common-ui-res";
			sourceTree = "<group>";
		};
		25EF4EA528548D2E00B74BCE /* core-auth */ = {
			isa = PBXGroup;
			children = (
				25EF4EA628548D5700B74BCE /* GoogleSignInAuthenticator.swift */,
				25EF4EAA28549AE500B74BCE /* AuthState+.swift */,
			);
			path = "core-auth";
			sourceTree = "<group>";
		};
		25EF4EAC2854A13500B74BCE /* ui-expenses */ = {
			isa = PBXGroup;
			children = (
				25EF4EB02854A1F000B74BCE /* ExpenseListView.swift */,
			);
			path = "ui-expenses";
			sourceTree = "<group>";
		};
		25EF4EAD2854A1B500B74BCE /* ui-notes */ = {
			isa = PBXGroup;
			children = (
				25EF4EAE2854A1D600B74BCE /* NoteListView.swift */,
			);
			path = "ui-notes";
			sourceTree = "<group>";
		};
/* End PBXGroup section */

/* Begin PBXNativeTarget section */
		250B0D922853013A00DAF532 /* TrackBird */ = {
			isa = PBXNativeTarget;
			buildConfigurationList = 250B0DA12853013B00DAF532 /* Build configuration list for PBXNativeTarget "TrackBird" */;
			buildPhases = (
				250B0D8F2853013A00DAF532 /* Sources */,
				250B0D902853013A00DAF532 /* Frameworks */,
				250B0D912853013A00DAF532 /* Resources */,
			);
			buildRules = (
			);
			dependencies = (
			);
			name = TrackBird;
			packageProductDependencies = (
				25EF4E9928547D7E00B74BCE /* FirebaseAuth */,
				25EF4EA12854852D00B74BCE /* GoogleSignIn */,
			);
			productName = TrackBird;
			productReference = 250B0D932853013A00DAF532 /* TrackBird.app */;
			productType = "com.apple.product-type.application";
		};
/* End PBXNativeTarget section */

/* Begin PBXProject section */
		250B0D8B2853013A00DAF532 /* Project object */ = {
			isa = PBXProject;
			attributes = {
				BuildIndependentTargetsInParallel = 1;
				LastSwiftUpdateCheck = 1340;
				LastUpgradeCheck = 1340;
				TargetAttributes = {
					250B0D922853013A00DAF532 = {
						CreatedOnToolsVersion = 13.4;
					};
				};
			};
			buildConfigurationList = 250B0D8E2853013A00DAF532 /* Build configuration list for PBXProject "TrackBird" */;
			compatibilityVersion = "Xcode 13.0";
			developmentRegion = en;
			hasScannedForEncodings = 0;
			knownRegions = (
				en,
				Base,
			);
			mainGroup = 250B0D8A2853013A00DAF532;
			packageReferences = (
				25EF4E9828547D7E00B74BCE /* XCRemoteSwiftPackageReference "firebase-ios-sdk" */,
				25EF4EA02854852D00B74BCE /* XCRemoteSwiftPackageReference "GoogleSignIn-iOS" */,
			);
			productRefGroup = 250B0D942853013A00DAF532 /* Products */;
			projectDirPath = "";
			projectRoot = "";
			targets = (
				250B0D922853013A00DAF532 /* TrackBird */,
			);
		};
/* End PBXProject section */

/* Begin PBXResourcesBuildPhase section */
		250B0D912853013A00DAF532 /* Resources */ = {
			isa = PBXResourcesBuildPhase;
			buildActionMask = 2147483647;
			files = (
				250B0D9E2853013B00DAF532 /* Preview Assets.xcassets in Resources */,
				250B0D9B2853013B00DAF532 /* Assets.xcassets in Resources */,
				25EF4E9E285482F100B74BCE /* GoogleService-Info.plist in Resources */,
			);
			runOnlyForDeploymentPostprocessing = 0;
		};
/* End PBXResourcesBuildPhase section */

/* Begin PBXSourcesBuildPhase section */
		250B0D8F2853013A00DAF532 /* Sources */ = {
			isa = PBXSourcesBuildPhase;
			buildActionMask = 2147483647;
			files = (
				25EF4E9C28547DF600B74BCE /* AppDelegate.swift in Sources */,
				25EF4EAB28549AE500B74BCE /* AuthState+.swift in Sources */,
				25EF4EAF2854A1D600B74BCE /* NoteListView.swift in Sources */,
				25EF4E962854722D00B74BCE /* LoginView.swift in Sources */,
				250B0D992853013A00DAF532 /* ContentView.swift in Sources */,
				25EF4EA42854896D00B74BCE /* LoginViewModel.swift in Sources */,
				25EF4EA92854933A00B74BCE /* View+.swift in Sources */,
				25EF4EB12854A1F000B74BCE /* ExpenseListView.swift in Sources */,
				25EF4EA728548D5700B74BCE /* GoogleSignInAuthenticator.swift in Sources */,
				250B0D972853013A00DAF532 /* TrackBirdApp.swift in Sources */,
			);
			runOnlyForDeploymentPostprocessing = 0;
		};
/* End PBXSourcesBuildPhase section */

/* Begin XCBuildConfiguration section */
		250B0D9F2853013B00DAF532 /* Debug */ = {
			isa = XCBuildConfiguration;
			buildSettings = {
				ALWAYS_SEARCH_USER_PATHS = NO;
				CLANG_ANALYZER_NONNULL = YES;
				CLANG_ANALYZER_NUMBER_OBJECT_CONVERSION = YES_AGGRESSIVE;
				CLANG_CXX_LANGUAGE_STANDARD = "gnu++17";
				CLANG_ENABLE_MODULES = YES;
				CLANG_ENABLE_OBJC_ARC = YES;
				CLANG_ENABLE_OBJC_WEAK = YES;
				CLANG_WARN_BLOCK_CAPTURE_AUTORELEASING = YES;
				CLANG_WARN_BOOL_CONVERSION = YES;
				CLANG_WARN_COMMA = YES;
				CLANG_WARN_CONSTANT_CONVERSION = YES;
				CLANG_WARN_DEPRECATED_OBJC_IMPLEMENTATIONS = YES;
				CLANG_WARN_DIRECT_OBJC_ISA_USAGE = YES_ERROR;
				CLANG_WARN_DOCUMENTATION_COMMENTS = YES;
				CLANG_WARN_EMPTY_BODY = YES;
				CLANG_WARN_ENUM_CONVERSION = YES;
				CLANG_WARN_INFINITE_RECURSION = YES;
				CLANG_WARN_INT_CONVERSION = YES;
				CLANG_WARN_NON_LITERAL_NULL_CONVERSION = YES;
				CLANG_WARN_OBJC_IMPLICIT_RETAIN_SELF = YES;
				CLANG_WARN_OBJC_LITERAL_CONVERSION = YES;
				CLANG_WARN_OBJC_ROOT_CLASS = YES_ERROR;
				CLANG_WARN_QUOTED_INCLUDE_IN_FRAMEWORK_HEADER = YES;
				CLANG_WARN_RANGE_LOOP_ANALYSIS = YES;
				CLANG_WARN_STRICT_PROTOTYPES = YES;
				CLANG_WARN_SUSPICIOUS_MOVE = YES;
				CLANG_WARN_UNGUARDED_AVAILABILITY = YES_AGGRESSIVE;
				CLANG_WARN_UNREACHABLE_CODE = YES;
				CLANG_WARN__DUPLICATE_METHOD_MATCH = YES;
				COPY_PHASE_STRIP = NO;
				DEBUG_INFORMATION_FORMAT = dwarf;
				ENABLE_STRICT_OBJC_MSGSEND = YES;
				ENABLE_TESTABILITY = YES;
				GCC_C_LANGUAGE_STANDARD = gnu11;
				GCC_DYNAMIC_NO_PIC = NO;
				GCC_NO_COMMON_BLOCKS = YES;
				GCC_OPTIMIZATION_LEVEL = 0;
				GCC_PREPROCESSOR_DEFINITIONS = (
					"DEBUG=1",
					"$(inherited)",
				);
				GCC_WARN_64_TO_32_BIT_CONVERSION = YES;
				GCC_WARN_ABOUT_RETURN_TYPE = YES_ERROR;
				GCC_WARN_UNDECLARED_SELECTOR = YES;
				GCC_WARN_UNINITIALIZED_AUTOS = YES_AGGRESSIVE;
				GCC_WARN_UNUSED_FUNCTION = YES;
				GCC_WARN_UNUSED_VARIABLE = YES;
				IPHONEOS_DEPLOYMENT_TARGET = 15.5;
				MTL_ENABLE_DEBUG_INFO = INCLUDE_SOURCE;
				MTL_FAST_MATH = YES;
				ONLY_ACTIVE_ARCH = YES;
				SDKROOT = iphoneos;
				SWIFT_ACTIVE_COMPILATION_CONDITIONS = DEBUG;
				SWIFT_OPTIMIZATION_LEVEL = "-Onone";
			};
			name = Debug;
		};
		250B0DA02853013B00DAF532 /* Release */ = {
			isa = XCBuildConfiguration;
			buildSettings = {
				ALWAYS_SEARCH_USER_PATHS = NO;
				CLANG_ANALYZER_NONNULL = YES;
				CLANG_ANALYZER_NUMBER_OBJECT_CONVERSION = YES_AGGRESSIVE;
				CLANG_CXX_LANGUAGE_STANDARD = "gnu++17";
				CLANG_ENABLE_MODULES = YES;
				CLANG_ENABLE_OBJC_ARC = YES;
				CLANG_ENABLE_OBJC_WEAK = YES;
				CLANG_WARN_BLOCK_CAPTURE_AUTORELEASING = YES;
				CLANG_WARN_BOOL_CONVERSION = YES;
				CLANG_WARN_COMMA = YES;
				CLANG_WARN_CONSTANT_CONVERSION = YES;
				CLANG_WARN_DEPRECATED_OBJC_IMPLEMENTATIONS = YES;
				CLANG_WARN_DIRECT_OBJC_ISA_USAGE = YES_ERROR;
				CLANG_WARN_DOCUMENTATION_COMMENTS = YES;
				CLANG_WARN_EMPTY_BODY = YES;
				CLANG_WARN_ENUM_CONVERSION = YES;
				CLANG_WARN_INFINITE_RECURSION = YES;
				CLANG_WARN_INT_CONVERSION = YES;
				CLANG_WARN_NON_LITERAL_NULL_CONVERSION = YES;
				CLANG_WARN_OBJC_IMPLICIT_RETAIN_SELF = YES;
				CLANG_WARN_OBJC_LITERAL_CONVERSION = YES;
				CLANG_WARN_OBJC_ROOT_CLASS = YES_ERROR;
				CLANG_WARN_QUOTED_INCLUDE_IN_FRAMEWORK_HEADER = YES;
				CLANG_WARN_RANGE_LOOP_ANALYSIS = YES;
				CLANG_WARN_STRICT_PROTOTYPES = YES;
				CLANG_WARN_SUSPICIOUS_MOVE = YES;
				CLANG_WARN_UNGUARDED_AVAILABILITY = YES_AGGRESSIVE;
				CLANG_WARN_UNREACHABLE_CODE = YES;
				CLANG_WARN__DUPLICATE_METHOD_MATCH = YES;
				COPY_PHASE_STRIP = NO;
				DEBUG_INFORMATION_FORMAT = "dwarf-with-dsym";
				ENABLE_NS_ASSERTIONS = NO;
				ENABLE_STRICT_OBJC_MSGSEND = YES;
				GCC_C_LANGUAGE_STANDARD = gnu11;
				GCC_NO_COMMON_BLOCKS = YES;
				GCC_WARN_64_TO_32_BIT_CONVERSION = YES;
				GCC_WARN_ABOUT_RETURN_TYPE = YES_ERROR;
				GCC_WARN_UNDECLARED_SELECTOR = YES;
				GCC_WARN_UNINITIALIZED_AUTOS = YES_AGGRESSIVE;
				GCC_WARN_UNUSED_FUNCTION = YES;
				GCC_WARN_UNUSED_VARIABLE = YES;
				IPHONEOS_DEPLOYMENT_TARGET = 15.5;
				MTL_ENABLE_DEBUG_INFO = NO;
				MTL_FAST_MATH = YES;
				SDKROOT = iphoneos;
				SWIFT_COMPILATION_MODE = wholemodule;
				SWIFT_OPTIMIZATION_LEVEL = "-O";
				VALIDATE_PRODUCT = YES;
			};
			name = Release;
		};
		250B0DA22853013B00DAF532 /* Debug */ = {
			isa = XCBuildConfiguration;
			buildSettings = {
				ASSETCATALOG_COMPILER_APPICON_NAME = AppIcon;
				ASSETCATALOG_COMPILER_GLOBAL_ACCENT_COLOR_NAME = AccentColor;
				CODE_SIGN_STYLE = Automatic;
				CURRENT_PROJECT_VERSION = 1;
				DEVELOPMENT_ASSET_PATHS = "\"TrackBird/Preview Content\"";
				DEVELOPMENT_TEAM = XRBURAW4UP;
				ENABLE_PREVIEWS = YES;
				GENERATE_INFOPLIST_FILE = YES;
				INFOPLIST_FILE = TrackBird/Info.plist;
				INFOPLIST_KEY_UIApplicationSceneManifest_Generation = YES;
				INFOPLIST_KEY_UIApplicationSupportsIndirectInputEvents = YES;
				INFOPLIST_KEY_UILaunchScreen_Generation = YES;
				INFOPLIST_KEY_UISupportedInterfaceOrientations_iPad = "UIInterfaceOrientationPortrait UIInterfaceOrientationPortraitUpsideDown UIInterfaceOrientationLandscapeLeft UIInterfaceOrientationLandscapeRight";
				INFOPLIST_KEY_UISupportedInterfaceOrientations_iPhone = "UIInterfaceOrientationPortrait UIInterfaceOrientationLandscapeLeft UIInterfaceOrientationLandscapeRight";
				LD_RUNPATH_SEARCH_PATHS = (
					"$(inherited)",
					"@executable_path/Frameworks",
				);
				MARKETING_VERSION = 1.0;
				PRODUCT_BUNDLE_IDENTIFIER = com.mu.jan.TrackBird;
				PRODUCT_NAME = "$(TARGET_NAME)";
				SWIFT_EMIT_LOC_STRINGS = YES;
				SWIFT_VERSION = 5.0;
				TARGETED_DEVICE_FAMILY = "1,2";
			};
			name = Debug;
		};
		250B0DA32853013B00DAF532 /* Release */ = {
			isa = XCBuildConfiguration;
			buildSettings = {
				ASSETCATALOG_COMPILER_APPICON_NAME = AppIcon;
				ASSETCATALOG_COMPILER_GLOBAL_ACCENT_COLOR_NAME = AccentColor;
				CODE_SIGN_STYLE = Automatic;
				CURRENT_PROJECT_VERSION = 1;
				DEVELOPMENT_ASSET_PATHS = "\"TrackBird/Preview Content\"";
				DEVELOPMENT_TEAM = XRBURAW4UP;
				ENABLE_PREVIEWS = YES;
				GENERATE_INFOPLIST_FILE = YES;
				INFOPLIST_FILE = TrackBird/Info.plist;
				INFOPLIST_KEY_UIApplicationSceneManifest_Generation = YES;
				INFOPLIST_KEY_UIApplicationSupportsIndirectInputEvents = YES;
				INFOPLIST_KEY_UILaunchScreen_Generation = YES;
				INFOPLIST_KEY_UISupportedInterfaceOrientations_iPad = "UIInterfaceOrientationPortrait UIInterfaceOrientationPortraitUpsideDown UIInterfaceOrientationLandscapeLeft UIInterfaceOrientationLandscapeRight";
				INFOPLIST_KEY_UISupportedInterfaceOrientations_iPhone = "UIInterfaceOrientationPortrait UIInterfaceOrientationLandscapeLeft UIInterfaceOrientationLandscapeRight";
				LD_RUNPATH_SEARCH_PATHS = (
					"$(inherited)",
					"@executable_path/Frameworks",
				);
				MARKETING_VERSION = 1.0;
				PRODUCT_BUNDLE_IDENTIFIER = com.mu.jan.TrackBird;
				PRODUCT_NAME = "$(TARGET_NAME)";
				SWIFT_EMIT_LOC_STRINGS = YES;
				SWIFT_VERSION = 5.0;
				TARGETED_DEVICE_FAMILY = "1,2";
			};
			name = Release;
		};
/* End XCBuildConfiguration section */

/* Begin XCConfigurationList section */
		250B0D8E2853013A00DAF532 /* Build configuration list for PBXProject "TrackBird" */ = {
			isa = XCConfigurationList;
			buildConfigurations = (
				250B0D9F2853013B00DAF532 /* Debug */,
				250B0DA02853013B00DAF532 /* Release */,
			);
			defaultConfigurationIsVisible = 0;
			defaultConfigurationName = Release;
		};
		250B0DA12853013B00DAF532 /* Build configuration list for PBXNativeTarget "TrackBird" */ = {
			isa = XCConfigurationList;
			buildConfigurations = (
				250B0DA22853013B00DAF532 /* Debug */,
				250B0DA32853013B00DAF532 /* Release */,
			);
			defaultConfigurationIsVisible = 0;
			defaultConfigurationName = Release;
		};
/* End XCConfigurationList section */

/* Begin XCRemoteSwiftPackageReference section */
		25EF4E9828547D7E00B74BCE /* XCRemoteSwiftPackageReference "firebase-ios-sdk" */ = {
			isa = XCRemoteSwiftPackageReference;
			repositoryURL = "https://github.com/firebase/firebase-ios-sdk";
			requirement = {
				kind = upToNextMajorVersion;
				minimumVersion = 9.0.0;
			};
		};
		25EF4EA02854852D00B74BCE /* XCRemoteSwiftPackageReference "GoogleSignIn-iOS" */ = {
			isa = XCRemoteSwiftPackageReference;
			repositoryURL = "https://github.com/google/GoogleSignIn-iOS.git";
			requirement = {
				kind = upToNextMajorVersion;
				minimumVersion = 6.0.0;
			};
		};
/* End XCRemoteSwiftPackageReference section */

/* Begin XCSwiftPackageProductDependency section */
		25EF4E9928547D7E00B74BCE /* FirebaseAuth */ = {
			isa = XCSwiftPackageProductDependency;
			package = 25EF4E9828547D7E00B74BCE /* XCRemoteSwiftPackageReference "firebase-ios-sdk" */;
			productName = FirebaseAuth;
		};
		25EF4EA12854852D00B74BCE /* GoogleSignIn */ = {
			isa = XCSwiftPackageProductDependency;
			package = 25EF4EA02854852D00B74BCE /* XCRemoteSwiftPackageReference "GoogleSignIn-iOS" */;
			productName = GoogleSignIn;
		};
/* End XCSwiftPackageProductDependency section */
	};
	rootObject = 250B0D8B2853013A00DAF532 /* Project object */;
}
